
Microsoft Visual Studio Solution File, Format Version 12.00
# Visual Studio Version 16
VisualStudioVersion = 16.0.29920.165
MinimumVisualStudioVersion = 10.0.40219.1
Project("{9A19103F-16F7-4668-BE54-9A1E7A4F7556}") = "Business", "src\Business\Business.csproj", "{CA74B880-4F7C-46A4-B1A9-9A03DEC1C54E}"
EndProject
Project("{9A19103F-16F7-4668-BE54-9A1E7A4F7556}") = "Data", "src\Data\Data.csproj", "{C7DEE4B4-20D2-4DCE-95E4-E015E5899774}"
EndProject
Project("{FAE04EC0-301F-11D3-BF4B-00C04F79EFBC}") = "API", "src\API\API.csproj", "{849EC383-CB23-4A7F-A50C-3C9146086FAF}"
EndProject
Global
	GlobalSection(SolutionConfigurationPlatforms) = preSolution
		Debug|Any CPU = Debug|Any CPU
		Release|Any CPU = Release|Any CPU
	EndGlobalSection
	GlobalSection(ProjectConfigurationPlatforms) = postSolution
		{CA74B880-4F7C-46A4-B1A9-9A03DEC1C54E}.Debug|Any CPU.ActiveCfg = Debug|Any CPU
		{CA74B880-4F7C-46A4-B1A9-9A03DEC1C54E}.Debug|Any CPU.Build.0 = Debug|Any CPU
		{CA74B880-4F7C-46A4-B1A9-9A03DEC1C54E}.Release|Any CPU.ActiveCfg = Release|Any CPU
		{CA74B880-4F7C-46A4-B1A9-9A03DEC1C54E}.Release|Any CPU.Build.0 = Release|Any CPU
		{C7DEE4B4-20D2-4DCE-95E4-E015E5899774}.Debug|Any CPU.ActiveCfg = Debug|Any CPU
		{C7DEE4B4-20D2-4DCE-95E4-E015E5899774}.Debug|Any CPU.Build.0 = Debug|Any CPU
		{C7DEE4B4-20D2-4DCE-95E4-E015E5899774}.Release|Any CPU.ActiveCfg = Release|Any CPU
		{C7DEE4B4-20D2-4DCE-95E4-E015E5899774}.Release|Any CPU.Build.0 = Release|Any CPU
		{849EC383-CB23-4A7F-A50C-3C9146086FAF}.Debug|Any CPU.ActiveCfg = Debug|Any CPU
		{849EC383-CB23-4A7F-A50C-3C9146086FAF}.Debug|Any CPU.Build.0 = Debug|Any CPU
		{849EC383-CB23-4A7F-A50C-3C9146086FAF}.Release|Any CPU.ActiveCfg = Release|Any CPU
		{849EC383-CB23-4A7F-A50C-3C9146086FAF}.Release|Any CPU.Build.0 = Release|Any CPU
	EndGlobalSection
	GlobalSection(SolutionProperties) = preSolution
		HideSolutionNode = FALSE
	EndGlobalSection
	GlobalSection(ExtensibilityGlobals) = postSolution
		SolutionGuid = {C188B2EC-42C7-4702-81C6-1C10A507B456}
	EndGlobalSection
EndGlobal
